<?xml version="1.0" encoding="utf-8"?>
<Project ToolsVersion="4.0" xmlns="http://schemas.microsoft.com/developer/msbuild/2003">
  <ItemGroup>
    <Filter Include="Source Files">
      <UniqueIdentifier>{4FC737F1-C7A5-4376-A066-2A32D752A2FF}</UniqueIdentifier>
      <Extensions>cpp;c;cc;cxx;c++;cppm;ixx;def;odl;idl;hpj;bat;asm;asmx</Extensions>
    </Filter>
    <Filter Include="Header Files">
      <UniqueIdentifier>{93995380-89BD-4b04-88EB-625FBE52EBFB}</UniqueIdentifier>
      <Extensions>h;hh;hpp;hxx;h++;hm;inl;inc;ipp;xsd</Extensions>
    </Filter>
    <Filter Include="Resource Files">
      <UniqueIdentifier>{67DA6AB6-F800-4c08-8B7A-83BB121AAD01}</UniqueIdentifier>
      <Extensions>rc;ico;cur;bmp;dlg;rc2;rct;bin;rgs;gif;jpg;jpeg;jpe;resx;tiff;tif;png;wav;mfcribbon-ms</Extensions>
    </Filter>
  </ItemGroup>
  <ItemGroup>
    <ClCompile Include="src\SandboxApp.cpp">
      <Filter>Source Files</Filter>
    </ClCompile>
  </ItemGroup>
  <ItemGroup>
    <None Include="assets\shaders\Texture.glsl" />
  </ItemGroup>
  <ItemGroup>
    <Image Include="assets\textures\grass2.png">
      <Filter>Resource Files</Filter>
    </Image>
    <Image Include="assets\textures\Shield.png">
      <Filter>Resource Files</Filter>
    </Image>
    <Image Include="assets\textures\0.png">
      <Filter>Resource Files</Filter>
    </Image>
    <Image Include="assets\textures\1.png">
      <Filter>Resource Files</Filter>
    </Image>
    <Image Include="assets\textures\2.png">
      <Filter>Resource Files</Filter>
    </Image>
    <Image Include="assets\textures\3.png">
      <Filter>Resource Files</Filter>
    </Image>
    <Image Include="assets\textures\4.png">
      <Filter>Resource Files</Filter>
    </Image>
    <Image Include="assets\textures\5.png">
      <Filter>Resource Files</Filter>
    </Image>
    <Image Include="assets\textures\6.png">
      <Filter>Resource Files</Filter>
    </Image>
    <Image Include="assets\textures\7.png">
      <Filter>Resource Files</Filter>
    </Image>
    <Image Include="assets\textures\8.png">
      <Filter>Resource Files</Filter>
    </Image>
    <Image Include="assets\textures\9.png">
      <Filter>Resource Files</Filter>
    </Image>
    <Image Include="assets\textures\10.png">
      <Filter>Resource Files</Filter>
    </Image>
    <Image Include="assets\textures\11.png">
      <Filter>Resource Files</Filter>
    </Image>
    <Image Include="assets\textures\12.png">
      <Filter>Resource Files</Filter>
    </Image>
    <Image Include="assets\textures\13.png">
      <Filter>Resource Files</Filter>
    </Image>
    <Image Include="assets\textures\14.png">
      <Filter>Resource Files</Filter>
    </Image>
    <Image Include="assets\textures\15.png">
      <Filter>Resource Files</Filter>
    </Image>
    <Image Include="assets\textures\16.png">
      <Filter>Resource Files</Filter>
    </Image>
    <Image Include="assets\textures\17.png">
      <Filter>Resource Files</Filter>
    </Image>
    <Image Include="assets\textures\18.png">
      <Filter>Resource Files</Filter>
    </Image>
    <Image Include="assets\textures\19.png">
      <Filter>Resource Files</Filter>
    </Image>
    <Image Include="assets\textures\20.png">
      <Filter>Resource Files</Filter>
    </Image>
    <Image Include="assets\textures\21.png">
      <Filter>Resource Files</Filter>
    </Image>
    <Image Include="assets\textures\22.png">
      <Filter>Resource Files</Filter>
    </Image>
    <Image Include="assets\textures\23.png">
      <Filter>Resource Files</Filter>
    </Image>
    <Image Include="assets\textures\24.png">
      <Filter>Resource Files</Filter>
    </Image>
    <Image Include="assets\textures\25.png">
      <Filter>Resource Files</Filter>
    </Image>
    <Image Include="assets\textures\26.png">
      <Filter>Resource Files</Filter>
    </Image>
    <Image Include="assets\textures\27.png">
      <Filter>Resource Files</Filter>
    </Image>
    <Image Include="assets\textures\28.png">
      <Filter>Resource Files</Filter>
    </Image>
    <Image Include="assets\textures\29.png">
      <Filter>Resource Files</Filter>
    </Image>
    <Image Include="assets\textures\30.png">
      <Filter>Resource Files</Filter>
    </Image>
    <Image Include="assets\textures\31.png">
      <Filter>Resource Files</Filter>
    </Image>
    <Image Include="assets\textures\32.png">
      <Filter>Resource Files</Filter>
    </Image>
    <Image Include="assets\textures\33.png">
      <Filter>Resource Files</Filter>
    </Image>
    <Image Include="assets\textures\34.png">
      <Filter>Resource Files</Filter>
    </Image>
    <Image Include="assets\textures\35.png">
      <Filter>Resource Files</Filter>
    </Image>
    <Image Include="assets\textures\36.png">
      <Filter>Resource Files</Filter>
    </Image>
    <Image Include="assets\textures\Dirt0.png">
      <Filter>Resource Files</Filter>
    </Image>
    <Image Include="assets\textures\Dirt1.png">
      <Filter>Resource Files</Filter>
    </Image>
    <Image Include="assets\textures\Dirt2.png">
      <Filter>Resource Files</Filter>
    </Image>
    <Image Include="assets\textures\Dirt3.png">
      <Filter>Resource Files</Filter>
    </Image>
    <Image Include="assets\textures\Log For Test.png">
      <Filter>Resource Files</Filter>
    </Image>
  </ItemGroup>
</Project>