<?xml version="1.0" encoding="utf-8"?>
<Project ToolsVersion="4.0" xmlns="http://schemas.microsoft.com/developer/msbuild/2003">
  <ItemGroup>
    <Filter Include="Platform">
      <UniqueIdentifier>{2AC788B4-1694-E3BF-3FAD-D1672BD9184E}</UniqueIdentifier>
    </Filter>
    <Filter Include="Platform\OpenGL">
      <UniqueIdentifier>{1E7D2C1D-8A08-9AE1-9319-1DD6FF23F6E1}</UniqueIdentifier>
    </Filter>
    <Filter Include="Platform\Windows">
      <UniqueIdentifier>{64FBD71A-50F4-F66C-7926-DCF1657ED678}</UniqueIdentifier>
    </Filter>
    <Filter Include="Sloth">
      <UniqueIdentifier>{6F121A0E-DB26-42BF-A4A8-E51E107C3EF0}</UniqueIdentifier>
    </Filter>
    <Filter Include="Sloth\Events">
      <UniqueIdentifier>{73CBD2C9-5F2E-626E-08B4-9A24F4F52DF1}</UniqueIdentifier>
    </Filter>
    <Filter Include="Sloth\ImGui">
      <UniqueIdentifier>{D95E6825-4514-E11A-CE08-DBF13ABDD71E}</UniqueIdentifier>
    </Filter>
  </ItemGroup>
  <ItemGroup>
    <ClInclude Include="src\Platform\OpenGL\ImGuiOpenGLRenderer.h">
      <Filter>Platform\OpenGL</Filter>
    </ClInclude>
    <ClInclude Include="src\Platform\Windows\WindowsWindow.h">
      <Filter>Platform\Windows</Filter>
    </ClInclude>
    <ClInclude Include="src\Sloth\Application.h">
      <Filter>Sloth</Filter>
    </ClInclude>
    <ClInclude Include="src\Sloth\Core.h">
      <Filter>Sloth</Filter>
    </ClInclude>
    <ClInclude Include="src\Sloth\EntryPoint.h">
      <Filter>Sloth</Filter>
    </ClInclude>
    <ClInclude Include="src\Sloth\Events\ApplicationEvent.h">
      <Filter>Sloth\Events</Filter>
    </ClInclude>
    <ClInclude Include="src\Sloth\Events\Event.h">
      <Filter>Sloth\Events</Filter>
    </ClInclude>
    <ClInclude Include="src\Sloth\Events\KeyEvent.h">
      <Filter>Sloth\Events</Filter>
    </ClInclude>
    <ClInclude Include="src\Sloth\Events\MouseEvent.h">
      <Filter>Sloth\Events</Filter>
    </ClInclude>
    <ClInclude Include="src\Sloth\ImGui\ImGuiLayer.h">
      <Filter>Sloth\ImGui</Filter>
    </ClInclude>
    <ClInclude Include="src\Sloth\Layer.h">
      <Filter>Sloth</Filter>
    </ClInclude>
    <ClInclude Include="src\Sloth\LayerStack.h">
      <Filter>Sloth</Filter>
    </ClInclude>
    <ClInclude Include="src\Sloth\Log.h">
      <Filter>Sloth</Filter>
    </ClInclude>
    <ClInclude Include="src\Sloth\Window.h">
      <Filter>Sloth</Filter>
    </ClInclude>
    <ClInclude Include="src\slthpch.h" />
    <ClInclude Include="src\Platform\OpenGL\imgui_impl_opengl3_loader.h" />
    <ClInclude Include="src\Sloth.h">
      <Filter>Sloth</Filter>
    </ClInclude>
    <ClInclude Include="src\Sloth\Input.h" />
    <ClInclude Include="src\Platform\Windows\WindowsInput.h" />
  </ItemGroup>
  <ItemGroup>
    <ClCompile Include="src\Platform\OpenGL\ImGuiOpenGLRenderer.cpp">
      <Filter>Platform\OpenGL</Filter>
    </ClCompile>
    <ClCompile Include="src\Platform\Windows\WindowsWindow.cpp">
      <Filter>Platform\Windows</Filter>
    </ClCompile>
    <ClCompile Include="src\Sloth\Application.cpp">
      <Filter>Sloth</Filter>
    </ClCompile>
    <ClCompile Include="src\Sloth\ImGui\ImGuiLayer.cpp">
      <Filter>Sloth\ImGui</Filter>
    </ClCompile>
    <ClCompile Include="src\Sloth\Layer.cpp">
      <Filter>Sloth</Filter>
    </ClCompile>
    <ClCompile Include="src\Sloth\LayerStack.cpp">
      <Filter>Sloth</Filter>
    </ClCompile>
    <ClCompile Include="src\Sloth\Log.cpp">
      <Filter>Sloth</Filter>
    </ClCompile>
    <ClCompile Include="src\slthpch.cpp" />
    <ClCompile Include="src\Platform\Windows\WindowsInput.cpp" />
  </ItemGroup>
</Project>